
Microsoft Visual Studio Solution File, Format Version 12.00
# Visual Studio Version 17
VisualStudioVersion = 17.1.32414.318
MinimumVisualStudioVersion = 10.0.40219.1
Project("{FAE04EC0-301F-11D3-BF4B-00C04F79EFBC}") = "OOP Assigment 2", "OOP Assigment 2\OOP Assigment 2.csproj", "{8C6238A3-E9F0-4EB3-829D-F2B0BFACD602}"
EndProject
Global
	GlobalSection(SolutionConfigurationPlatforms) = preSolution
		Debug|Any CPU = Debug|Any CPU
		Release|Any CPU = Release|Any CPU
	EndGlobalSection
	GlobalSection(ProjectConfigurationPlatforms) = postSolution
		{8C6238A3-E9F0-4EB3-829D-F2B0BFACD602}.Debug|Any CPU.ActiveCfg = Debug|Any CPU
		{8C6238A3-E9F0-4EB3-829D-F2B0BFACD602}.Debug|Any CPU.Build.0 = Debug|Any CPU
		{8C6238A3-E9F0-4EB3-829D-F2B0BFACD602}.Release|Any CPU.ActiveCfg = Release|Any CPU
		{8C6238A3-E9F0-4EB3-829D-F2B0BFACD602}.Release|Any CPU.Build.0 = Release|Any CPU
	EndGlobalSection
	GlobalSection(SolutionProperties) = preSolution
		HideSolutionNode = FALSE
	EndGlobalSection
	GlobalSection(ExtensibilityGlobals) = postSolution
		SolutionGuid = {C3041A15-C3D9-43AF-911B-48FAB467AAFD}
	EndGlobalSection
EndGlobal
